github.com/akavel/rsrc v0.8.0/go.mod h1:uLoCtb9J+EyAqh+26kdrTgmzRBFPGOolLWKpdxkKq+c=
github.com/akavel/rsrc v0.10.2 h1:Zxm8V5eI1hW4gGaYsJQUhxpjkENuG91ki8B4zCrvEsw=
github.com/akavel/rsrc v0.10.2/go.mod h1:uLoCtb9J+EyAqh+26kdrTgmzRBFPGOolLWKpdxkKq+c=
github.com/asticode/go-astichartjs v0.1.0 h1:Dscf4R+KDdBRJY1MQlK5p2IZyLc/JmnODUT3O2Cnc1Y=
github.com/asticode/go-astichartjs v0.1.0/go.mod h1:mAFLydbGKvV1fjZJRwl8v/7aKjC0QWyqHtSIk4TGgPo=
github.com/asticode/go-astikit v0.15.0/go.mod h1:h4ly7idim1tNhaVkdVBeXQZEE3L0xblP7fCWbgwipF0=
github.com/asticode/go-astikit v0.21.1 h1:4qpgAT2zzTB9q8MF6qldmRq1uPhHjE02b0hL8TUneHk=
github.com/asticode/go-astikit v0.21.1/go.mod h1:h4ly7idim1tNhaVkdVBeXQZEE3L0xblP7fCWbgwipF0=
github.com/asticode/go-astilectron v0.24.0 h1:UWUz80rRB0L/IJ8SQ9yMoAXEyZ3108xM75npe/fFekE=
github.com/asticode/go-astilectron v0.24.0/go.mod h1:Tx+aS0IvbV0cO4TlQbOO1NFA/lATj11vEStydyIjMjM=
github.com/asticode/go-astilectron-bootstrap v0.4.13 h1:skcbTeVLQomBbSIl7vFEUnxMmek0vP2Vs/M3qYGBnB4=
github.com/asticode/go-astilectron-bootstrap v0.4.13/go.mod h1:uYao1zP/GUtvVb4mHTHDxEB5U/yA7gAZcoSDszpdDHg=
github.com/asticode/go-astilectron-bundler v0.7.11 h1:LzjRJKdx5skL4Nc414xIbbjMF2sxfxSgrqUes065VEc=
github.com/asticode/go-astilectron-bundler v0.7.11/go.mod h1:Y7I/G6ybzW5tqRO6ttUt7exmQHcX8f6dqnrUsVX064o=
github.com/asticode/go-astilectron-demo v0.6.15 h1:aQUNCRNJGep/r5TyW8RTu8SJtRSsal1Ry9lwmTfldbM=
github.com/asticode/go-astilectron-demo v0.6.15/go.mod h1:wlzh3kCBMPf8FNbiM5SKACsrZqQJJ7ZLIExDPUhTphQ=
github.com/asticode/go-bindata v1.0.0 h1:5whO0unjdx2kbAbzoBMS3307jKAEf3oQ1lJcx5RdgA8=
github.com/asticode/go-bindata v1.0.0/go.mod h1:t/Y+/iCLrvaYkv8Y6PscRnyUeYzy9y9+8JC9CMcKdHY=
github.com/chai2010/cgo v0.0.0-20200705093649-db0068d1ecac h1:ZdhqPvwjFTfKr2O1gqlAePsDL0QLGYikV51+AFKI/c4=
github.com/chai2010/cgo v0.0.0-20200705093649-db0068d1ecac/go.mod h1:0Fa/AQywYvKtIKA9KEgL48kzJ8a+OG+eBVE65lxvHPU=
github.com/davecgh/go-spew v1.1.0/go.mod h1:J7Y8YcW2NihsgmVo/mv3lAwl/skON4iLHjSsI+c5H38=
github.com/pmezard/go-difflib v1.0.0/go.mod h1:iKH77koFhYxTK1pcRnkKkqfTogsbg7gZNVY4sRDYZ/4=
github.com/sam-kamerer/go-plister v1.2.0 h1:ZdEF1bhPUoGzwz5eFljw2K/A+oRXq/81jul/A3CHKEY=
github.com/sam-kamerer/go-plister v1.2.0/go.mod h1:gTt1Ko2oTA5bfDYsNcLjRGyyx6LPxHIeo0ZTtTRZG2I=
github.com/stretchr/objx v0.1.0/go.mod h1:HFkY916IF+rwdDfMAkV7OtwuqBVzrE8GR6GFx+wExME=
github.com/stretchr/testify v1.4.0/go.mod h1:j7eGeouHqKxXV5pUuKE4zz7dFj8WfuZ+81PSLYec5m4=
gopkg.in/check.v1 v0.0.0-20161208181325-20d25e280405/go.mod h1:Co6ibVJAznAaIkqp8huTwlJQCZ016jof/cbN4VW5Yz0=
gopkg.in/yaml.v2 v2.2.2/go.mod h1:hI93XBmqTisBFMUTm0b8Fm+jr3Dg1NNxqwp+5A1VGuI=
